dependencies:
- name: common
  repository: https://bjw-s-labs.github.io/helm-charts
  version: 1.5.1
- name: postgresql
  repository: oci://registry-1.docker.io/bitnamicharts
  version: 14.3.3
- name: mariadb
  repository: oci://registry-1.docker.io/bitnamicharts
  version: 20.5.9
digest: sha256:9c52a0c18373c6d42c3a20a55d6f5943348c0f77b0fd499b6d867a3e5cc0b7b6
generated: "2025-10-22T19:44:50.838064395+08:00"
